<?xml version="1.0" encoding="utf-8"?>
<Project ToolsVersion="4.0" xmlns="http://schemas.microsoft.com/developer/msbuild/2003">
  <ItemGroup>
    <Filter Include="Source files">
      <UniqueIdentifier>{93f02a37-6d59-4f2f-b85f-a4980e5e781a}</UniqueIdentifier>
      <Extensions>cpp;c;cc;cxx;def;odl;idl;hpj;bat;asm;asmx</Extensions>
    </Filter>
    <Filter Include="Header files">
      <UniqueIdentifier>{0ab33602-0c81-46af-96c8-d6a3977f4088}</UniqueIdentifier>
      <Extensions>h;hpp;hxx;hm;inl;inc;xsd</Extensions>
    </Filter>
    <Filter Include="Resource files">
      <UniqueIdentifier>{958c1c73-85e6-4d2f-8127-181ca88b2ca6}</UniqueIdentifier>
      <Extensions>rc;ico;cur;bmp;dlg;rc2;rct;bin;rgs;gif;jpg;jpeg;jpe;resx;tiff;tif;png;wav</Extensions>
    </Filter>
    <Filter Include="Make files">
      <UniqueIdentifier>{5c9a8daa-d4cd-4f28-b044-091debb6f3a5}</UniqueIdentifier>
      <Extensions>*.mak</Extensions>
    </Filter>
    <Filter Include="Source files\piConfigParser">
      <UniqueIdentifier>{95e2d676-e05d-4f2a-b026-5629edc8ac2f}</UniqueIdentifier>
    </Filter>
    <Filter Include="Source files\piControl">
      <UniqueIdentifier>{6c881337-12ec-4ccb-b44f-42e7bcbbf501}</UniqueIdentifier>
    </Filter>
  </ItemGroup>
  <ItemGroup>
    <ClCompile Include="..\src\piConfigParser\piConfigParser.c">
      <Filter>Source files\piConfigParser</Filter>
    </ClCompile>
    <ClCompile Include="..\..\..\platform\sw\piControl\piControlIf.c">
      <Filter>Source files\piControl</Filter>
    </ClCompile>
    <ClCompile Include="..\src\ModbusSlaveThread.c">
      <Filter>Source files</Filter>
    </ClCompile>
    <ClCompile Include="..\src\piModbusSlave.c">
      <Filter>Source files</Filter>
    </ClCompile>
    <ClCompile Include="..\src\piProcessImageAccess.c">
      <Filter>Source files</Filter>
    </ClCompile>
  </ItemGroup>
  <ItemGroup>
    <None Include="Makefile" />
    <None Include="debug.mak">
      <Filter>Make files</Filter>
    </None>
    <None Include="release.mak">
      <Filter>Make files</Filter>
    </None>
    <None Include="target.mak">
      <Filter>Make files</Filter>
    </None>
  </ItemGroup>
  <ItemGroup>
    <ClInclude Include="..\src\piConfigParser\piConfigParser.h">
      <Filter>Source files\piConfigParser</Filter>
    </ClInclude>
    <ClInclude Include="..\..\..\platform\sw\piControl\piControl.h">
      <Filter>Source files\piControl</Filter>
    </ClInclude>
    <ClInclude Include="..\..\..\platform\sw\piControl\piControlIf.h">
      <Filter>Source files\piControl</Filter>
    </ClInclude>
    <ClInclude Include="..\src\modbusconfig.h">
      <Filter>Source files</Filter>
    </ClInclude>
    <ClInclude Include="..\src\ModbusSlaveThread.h">
      <Filter>Source files</Filter>
    </ClInclude>
    <ClInclude Include="..\src\piModbusSlave.h">
      <Filter>Source files</Filter>
    </ClInclude>
    <ClInclude Include="..\src\piProcessImageAccess.h">
      <Filter>Source files</Filter>
    </ClInclude>
  </ItemGroup>
</Project>